dependencies:
  ds18b20:
    dependencies: []
    source:
      path: /home/bsurya/Projects/soil-moisture/components/ds18b20
      type: local
    version: 0.1.2
  espressif/onewire_bus:
    component_hash: c4c781940d8bd988432b47ac3ee68479c69e14e01fdfba0b61365b233a3ba5d6
    dependencies:
    - name: idf
      require: private
      version: '>=5.0'
    source:
      registry_url: https://components.espressif.com/
      type: service
    version: 1.0.2
  espressif/ssd1306:
    component_hash: 102cfc05b1b304862fa3f494e9dd955844bcc5f6cb16596e4ca5df3e6bf9fd0d
    dependencies:
    - name: idf
      require: private
      version: '>=4.0'
    source:
      registry_url: https://components.espressif.com/
      type: service
    version: 1.0.5~1
  idf:
    source:
      type: idf
    version: 5.4.0
direct_dependencies:
- espressif/ds18b20
- espressif/onewire_bus
- espressif/ssd1306
- idf
manifest_hash: 051c5aee3db69edcb90484ad930f81123d09826dcc403e8164e7a188532ddaeb
target: esp32s3
version: 2.0.0
