dependencies:
  ds18b20:
    dependencies: []
    source:
      path: /home/bsurya/Projects/soil-moisture/components/ds18b20
      type: local
    version: 0.1.2
  espressif/onewire_bus:
    dependencies: []
    source:
      path: /home/bsurya/Projects/soil-moisture/components/espressif__onewire_bus
      type: local
    version: 1.0.2
  idf:
    source:
      type: idf
    version: 5.4.0
direct_dependencies:
- espressif/ds18b20
- espressif/onewire_bus
- idf
manifest_hash: c37cd48b1006feea3b71f34ea51618f95407fb6e88dfdbbdf09513c6c6b51363
target: esp32
version: 2.0.0
